
Microsoft Visual Studio Solution File, Format Version 12.00
# Visual Studio 15
VisualStudioVersion = 15.0.28307.902
MinimumVisualStudioVersion = 10.0.40219.1
Project("{8BC9CEB8-8B4A-11D0-8D11-00A0C91BC942}") = "Dll1", "Dll1.vcxproj", "{5B8AFA10-D020-4A92-9A45-C6A04A62E505}"
EndProject
Project("{FAE04EC0-301F-11D3-BF4B-00C04F79EFBC}") = "ConsoleApp1", "ConsoleApp1\ConsoleApp1.csproj", "{3910F7A4-7489-49BC-9337-D69E46876C5F}"
EndProject
Project("{FAE04EC0-301F-11D3-BF4B-00C04F79EFBC}") = "ClassLibrary1", "ClassLibrary1\ClassLibrary1.csproj", "{32CB0E2A-FE5B-4D0E-8256-8E3041715FDA}"
EndProject
Global
	GlobalSection(SolutionConfigurationPlatforms) = preSolution
		Debug|Any CPU = Debug|Any CPU
		Debug|x64 = Debug|x64
		Debug|x86 = Debug|x86
		Release|Any CPU = Release|Any CPU
		Release|x64 = Release|x64
		Release|x86 = Release|x86
	EndGlobalSection
	GlobalSection(ProjectConfigurationPlatforms) = postSolution
		{5B8AFA10-D020-4A92-9A45-C6A04A62E505}.Debug|Any CPU.ActiveCfg = Debug|Win32
		{5B8AFA10-D020-4A92-9A45-C6A04A62E505}.Debug|x64.ActiveCfg = Debug|x64
		{5B8AFA10-D020-4A92-9A45-C6A04A62E505}.Debug|x64.Build.0 = Debug|x64
		{5B8AFA10-D020-4A92-9A45-C6A04A62E505}.Debug|x86.ActiveCfg = Debug|Win32
		{5B8AFA10-D020-4A92-9A45-C6A04A62E505}.Debug|x86.Build.0 = Debug|Win32
		{5B8AFA10-D020-4A92-9A45-C6A04A62E505}.Release|Any CPU.ActiveCfg = Release|Win32
		{5B8AFA10-D020-4A92-9A45-C6A04A62E505}.Release|x64.ActiveCfg = Release|x64
		{5B8AFA10-D020-4A92-9A45-C6A04A62E505}.Release|x64.Build.0 = Release|x64
		{5B8AFA10-D020-4A92-9A45-C6A04A62E505}.Release|x86.ActiveCfg = Release|Win32
		{5B8AFA10-D020-4A92-9A45-C6A04A62E505}.Release|x86.Build.0 = Release|Win32
		{3910F7A4-7489-49BC-9337-D69E46876C5F}.Debug|Any CPU.ActiveCfg = Debug|Any CPU
		{3910F7A4-7489-49BC-9337-D69E46876C5F}.Debug|Any CPU.Build.0 = Debug|Any CPU
		{3910F7A4-7489-49BC-9337-D69E46876C5F}.Debug|x64.ActiveCfg = Debug|Any CPU
		{3910F7A4-7489-49BC-9337-D69E46876C5F}.Debug|x64.Build.0 = Debug|Any CPU
		{3910F7A4-7489-49BC-9337-D69E46876C5F}.Debug|x86.ActiveCfg = Debug|Any CPU
		{3910F7A4-7489-49BC-9337-D69E46876C5F}.Debug|x86.Build.0 = Debug|Any CPU
		{3910F7A4-7489-49BC-9337-D69E46876C5F}.Release|Any CPU.ActiveCfg = Release|Any CPU
		{3910F7A4-7489-49BC-9337-D69E46876C5F}.Release|Any CPU.Build.0 = Release|Any CPU
		{3910F7A4-7489-49BC-9337-D69E46876C5F}.Release|x64.ActiveCfg = Release|Any CPU
		{3910F7A4-7489-49BC-9337-D69E46876C5F}.Release|x64.Build.0 = Release|Any CPU
		{3910F7A4-7489-49BC-9337-D69E46876C5F}.Release|x86.ActiveCfg = Release|Any CPU
		{3910F7A4-7489-49BC-9337-D69E46876C5F}.Release|x86.Build.0 = Release|Any CPU
		{32CB0E2A-FE5B-4D0E-8256-8E3041715FDA}.Debug|Any CPU.ActiveCfg = Debug|Any CPU
		{32CB0E2A-FE5B-4D0E-8256-8E3041715FDA}.Debug|Any CPU.Build.0 = Debug|Any CPU
		{32CB0E2A-FE5B-4D0E-8256-8E3041715FDA}.Debug|x64.ActiveCfg = Debug|Any CPU
		{32CB0E2A-FE5B-4D0E-8256-8E3041715FDA}.Debug|x64.Build.0 = Debug|Any CPU
		{32CB0E2A-FE5B-4D0E-8256-8E3041715FDA}.Debug|x86.ActiveCfg = Debug|Any CPU
		{32CB0E2A-FE5B-4D0E-8256-8E3041715FDA}.Debug|x86.Build.0 = Debug|Any CPU
		{32CB0E2A-FE5B-4D0E-8256-8E3041715FDA}.Release|Any CPU.ActiveCfg = Release|Any CPU
		{32CB0E2A-FE5B-4D0E-8256-8E3041715FDA}.Release|Any CPU.Build.0 = Release|Any CPU
		{32CB0E2A-FE5B-4D0E-8256-8E3041715FDA}.Release|x64.ActiveCfg = Release|Any CPU
		{32CB0E2A-FE5B-4D0E-8256-8E3041715FDA}.Release|x64.Build.0 = Release|Any CPU
		{32CB0E2A-FE5B-4D0E-8256-8E3041715FDA}.Release|x86.ActiveCfg = Release|Any CPU
		{32CB0E2A-FE5B-4D0E-8256-8E3041715FDA}.Release|x86.Build.0 = Release|Any CPU
	EndGlobalSection
	GlobalSection(SolutionProperties) = preSolution
		HideSolutionNode = FALSE
	EndGlobalSection
	GlobalSection(ExtensibilityGlobals) = postSolution
		SolutionGuid = {E0D4E6CB-91C4-4ED6-A74F-D4C4D6C5B212}
	EndGlobalSection
EndGlobal
